// !$*UTF8*$!
{
	archiveVersion = 1;
	classes = {
	};
	objectVersion = 46;
	objects = {

/* Begin PBXBuildFile section */
		4911859E4BF9F25D003E881E /* Pods_FirebaseWithHate.framework in Frameworks */ = {isa = PBXBuildFile; fileRef = 7FF00000A7F20A8CEBA69011 /* Pods_FirebaseWithHate.framework */; };
		9C83B8501E8D6EBD0072AC65 /* LoginViewController.swift in Sources */ = {isa = PBXBuildFile; fileRef = 9C83B84F1E8D6EBD0072AC65 /* LoginViewController.swift */; };
		9C9E24451E8D55B60013ECEB /* SecondViewController.swift in Sources */ = {isa = PBXBuildFile; fileRef = 9C9E24441E8D55B60013ECEB /* SecondViewController.swift */; };
		9CA653F21E8C28BD00CA982D /* AppDelegate.swift in Sources */ = {isa = PBXBuildFile; fileRef = 9CA653F11E8C28BD00CA982D /* AppDelegate.swift */; };
		9CA653F41E8C28BD00CA982D /* ViewController.swift in Sources */ = {isa = PBXBuildFile; fileRef = 9CA653F31E8C28BD00CA982D /* ViewController.swift */; };
		9CA653F71E8C28BD00CA982D /* Main.storyboard in Resources */ = {isa = PBXBuildFile; fileRef = 9CA653F51E8C28BD00CA982D /* Main.storyboard */; };
		9CA653F91E8C28BD00CA982D /* Assets.xcassets in Resources */ = {isa = PBXBuildFile; fileRef = 9CA653F81E8C28BD00CA982D /* Assets.xcassets */; };
		9CA654041E8C2A7400CA982D /* GoogleService-Info.plist in Resources */ = {isa = PBXBuildFile; fileRef = 9CA654031E8C2A7400CA982D /* GoogleService-Info.plist */; };
/* End PBXBuildFile section */

/* Begin PBXFileReference section */
		7FF00000A7F20A8CEBA69011 /* Pods_FirebaseWithHate.framework */ = {isa = PBXFileReference; explicitFileType = wrapper.framework; includeInIndex = 0; path = Pods_FirebaseWithHate.framework; sourceTree = BUILT_PRODUCTS_DIR; };
		8144F91326B4620F946FB20C /* Pods-FirebaseWithHate.release.xcconfig */ = {isa = PBXFileReference; includeInIndex = 1; lastKnownFileType = text.xcconfig; name = "Pods-FirebaseWithHate.release.xcconfig"; path = "Pods/Target Support Files/Pods-FirebaseWithHate/Pods-FirebaseWithHate.release.xcconfig"; sourceTree = "<group>"; };
		98B955F5CF7B44884158D0C7 /* Pods-FirebaseWithHate.debug.xcconfig */ = {isa = PBXFileReference; includeInIndex = 1; lastKnownFileType = text.xcconfig; name = "Pods-FirebaseWithHate.debug.xcconfig"; path = "Pods/Target Support Files/Pods-FirebaseWithHate/Pods-FirebaseWithHate.debug.xcconfig"; sourceTree = "<group>"; };
		9C83B84F1E8D6EBD0072AC65 /* LoginViewController.swift */ = {isa = PBXFileReference; fileEncoding = 4; lastKnownFileType = sourcecode.swift; path = LoginViewController.swift; sourceTree = "<group>"; };
		9C9E24441E8D55B60013ECEB /* SecondViewController.swift */ = {isa = PBXFileReference; fileEncoding = 4; lastKnownFileType = sourcecode.swift; path = SecondViewController.swift; sourceTree = "<group>"; };
		9CA653EE1E8C28BD00CA982D /* FirebaseWithHate.app */ = {isa = PBXFileReference; explicitFileType = wrapper.application; includeInIndex = 0; path = FirebaseWithHate.app; sourceTree = BUILT_PRODUCTS_DIR; };
		9CA653F11E8C28BD00CA982D /* AppDelegate.swift */ = {isa = PBXFileReference; lastKnownFileType = sourcecode.swift; path = AppDelegate.swift; sourceTree = "<group>"; };
		9CA653F31E8C28BD00CA982D /* ViewController.swift */ = {isa = PBXFileReference; lastKnownFileType = sourcecode.swift; path = ViewController.swift; sourceTree = "<group>"; };
		9CA653F61E8C28BD00CA982D /* Base */ = {isa = PBXFileReference; lastKnownFileType = file.storyboard; name = Base; path = Base.lproj/Main.storyboard; sourceTree = "<group>"; };
		9CA653F81E8C28BD00CA982D /* Assets.xcassets */ = {isa = PBXFileReference; lastKnownFileType = folder.assetcatalog; path = Assets.xcassets; sourceTree = "<group>"; };
		9CA653FD1E8C28BD00CA982D /* Info.plist */ = {isa = PBXFileReference; lastKnownFileType = text.plist.xml; path = Info.plist; sourceTree = "<group>"; };
		9CA654031E8C2A7400CA982D /* GoogleService-Info.plist */ = {isa = PBXFileReference; fileEncoding = 4; lastKnownFileType = text.plist.xml; path = "GoogleService-Info.plist"; sourceTree = "<group>"; };
/* End PBXFileReference section */

/* Begin PBXFrameworksBuildPhase section */
		9CA653EB1E8C28BD00CA982D /* Frameworks */ = {
			isa = PBXFrameworksBuildPhase;
			buildActionMask = 2147483647;
			files = (
				4911859E4BF9F25D003E881E /* Pods_FirebaseWithHate.framework in Frameworks */,
			);
			runOnlyForDeploymentPostprocessing = 0;
		};
/* End PBXFrameworksBuildPhase section */

/* Begin PBXGroup section */
		37F4C01F19C2D5796E422DB2 /* Frameworks */ = {
			isa = PBXGroup;
			children = (
				7FF00000A7F20A8CEBA69011 /* Pods_FirebaseWithHate.framework */,
			);
			name = Frameworks;
			sourceTree = "<group>";
		};
		78CE4C9782CBF0481ADE2699 /* Pods */ = {
			isa = PBXGroup;
			children = (
				98B955F5CF7B44884158D0C7 /* Pods-FirebaseWithHate.debug.xcconfig */,
				8144F91326B4620F946FB20C /* Pods-FirebaseWithHate.release.xcconfig */,
			);
			name = Pods;
			sourceTree = "<group>";
		};
		9C83B8511E8D6EDE0072AC65 /* Controllers */ = {
			isa = PBXGroup;
			children = (
				9CA653F31E8C28BD00CA982D /* ViewController.swift */,
				9C9E24441E8D55B60013ECEB /* SecondViewController.swift */,
				9C83B84F1E8D6EBD0072AC65 /* LoginViewController.swift */,
			);
			name = Controllers;
			sourceTree = "<group>";
		};
		9C83B8521E8D6EF20072AC65 /* AppDelegate */ = {
			isa = PBXGroup;
			children = (
				9CA653F11E8C28BD00CA982D /* AppDelegate.swift */,
			);
			name = AppDelegate;
			sourceTree = "<group>";
		};
		9C83B8531E8D6F0B0072AC65 /* StoryBoard */ = {
			isa = PBXGroup;
			children = (
				9CA653F51E8C28BD00CA982D /* Main.storyboard */,
			);
			name = StoryBoard;
			sourceTree = "<group>";
		};
		9C83B8541E8D6F300072AC65 /* Config Data */ = {
			isa = PBXGroup;
			children = (
				9CA654031E8C2A7400CA982D /* GoogleService-Info.plist */,
				9CA653FD1E8C28BD00CA982D /* Info.plist */,
			);
			name = "Config Data";
			sourceTree = "<group>";
		};
		9CA653E51E8C28BD00CA982D = {
			isa = PBXGroup;
			children = (
				9CA653F01E8C28BD00CA982D /* FirebaseWithHate */,
				9CA653EF1E8C28BD00CA982D /* Products */,
				78CE4C9782CBF0481ADE2699 /* Pods */,
				37F4C01F19C2D5796E422DB2 /* Frameworks */,
			);
			sourceTree = "<group>";
		};
		9CA653EF1E8C28BD00CA982D /* Products */ = {
			isa = PBXGroup;
			children = (
				9CA653EE1E8C28BD00CA982D /* FirebaseWithHate.app */,
			);
			name = Products;
			sourceTree = "<group>";
		};
		9CA653F01E8C28BD00CA982D /* FirebaseWithHate */ = {
			isa = PBXGroup;
			children = (
				9C83B8541E8D6F300072AC65 /* Config Data */,
				9C83B8521E8D6EF20072AC65 /* AppDelegate */,
				9C83B8511E8D6EDE0072AC65 /* Controllers */,
				9C83B8531E8D6F0B0072AC65 /* StoryBoard */,
				9CA653F81E8C28BD00CA982D /* Assets.xcassets */,
			);
			path = FirebaseWithHate;
			sourceTree = "<group>";
		};
/* End PBXGroup section */

/* Begin PBXNativeTarget section */
		9CA653ED1E8C28BD00CA982D /* FirebaseWithHate */ = {
			isa = PBXNativeTarget;
			buildConfigurationList = 9CA654001E8C28BD00CA982D /* Build configuration list for PBXNativeTarget "FirebaseWithHate" */;
			buildPhases = (
				001DB95813B82D727AFC6657 /* [CP] Check Pods Manifest.lock */,
				9CA653EA1E8C28BD00CA982D /* Sources */,
				9CA653EB1E8C28BD00CA982D /* Frameworks */,
				9CA653EC1E8C28BD00CA982D /* Resources */,
				EB9DED80621DF1A2A04E088A /* [CP] Embed Pods Frameworks */,
				51C583BD057CA7AA14589F9F /* [CP] Copy Pods Resources */,
			);
			buildRules = (
			);
			dependencies = (
			);
			name = FirebaseWithHate;
			productName = FirebaseWithHate;
			productReference = 9CA653EE1E8C28BD00CA982D /* FirebaseWithHate.app */;
			productType = "com.apple.product-type.application";
		};
/* End PBXNativeTarget section */

/* Begin PBXProject section */
		9CA653E61E8C28BD00CA982D /* Project object */ = {
			isa = PBXProject;
			attributes = {
				LastSwiftUpdateCheck = 0820;
				LastUpgradeCheck = 0820;
				ORGANIZATIONNAME = "Eugenio Barquín";
				TargetAttributes = {
					9CA653ED1E8C28BD00CA982D = {
						CreatedOnToolsVersion = 8.2.1;
						DevelopmentTeam = 3XPZ2XV3WU;
						ProvisioningStyle = Automatic;
					};
				};
			};
			buildConfigurationList = 9CA653E91E8C28BD00CA982D /* Build configuration list for PBXProject "FirebaseWithHate" */;
			compatibilityVersion = "Xcode 3.2";
			developmentRegion = English;
			hasScannedForEncodings = 0;
			knownRegions = (
				en,
				Base,
			);
			mainGroup = 9CA653E51E8C28BD00CA982D;
			productRefGroup = 9CA653EF1E8C28BD00CA982D /* Products */;
			projectDirPath = "";
			projectRoot = "";
			targets = (
				9CA653ED1E8C28BD00CA982D /* FirebaseWithHate */,
			);
		};
/* End PBXProject section */

/* Begin PBXResourcesBuildPhase section */
		9CA653EC1E8C28BD00CA982D /* Resources */ = {
			isa = PBXResourcesBuildPhase;
			buildActionMask = 2147483647;
			files = (
				9CA654041E8C2A7400CA982D /* GoogleService-Info.plist in Resources */,
				9CA653F91E8C28BD00CA982D /* Assets.xcassets in Resources */,
				9CA653F71E8C28BD00CA982D /* Main.storyboard in Resources */,
			);
			runOnlyForDeploymentPostprocessing = 0;
		};
/* End PBXResourcesBuildPhase section */

/* Begin PBXShellScriptBuildPhase section */
		001DB95813B82D727AFC6657 /* [CP] Check Pods Manifest.lock */ = {
			isa = PBXShellScriptBuildPhase;
			buildActionMask = 2147483647;
			files = (
			);
			inputPaths = (
			);
			name = "[CP] Check Pods Manifest.lock";
			outputPaths = (
			);
			runOnlyForDeploymentPostprocessing = 0;
			shellPath = /bin/sh;
			shellScript = "diff \"${PODS_ROOT}/../Podfile.lock\" \"${PODS_ROOT}/Manifest.lock\" > /dev/null\nif [ $? != 0 ] ; then\n    # print error to STDERR\n    echo \"error: The sandbox is not in sync with the Podfile.lock. Run 'pod install' or update your CocoaPods installation.\" >&2\n    exit 1\nfi\n";
			showEnvVarsInLog = 0;
		};
		51C583BD057CA7AA14589F9F /* [CP] Copy Pods Resources */ = {
			isa = PBXShellScriptBuildPhase;
			buildActionMask = 2147483647;
			files = (
			);
			inputPaths = (
			);
			name = "[CP] Copy Pods Resources";
			outputPaths = (
			);
			runOnlyForDeploymentPostprocessing = 0;
			shellPath = /bin/sh;
			shellScript = "\"${SRCROOT}/Pods/Target Support Files/Pods-FirebaseWithHate/Pods-FirebaseWithHate-resources.sh\"\n";
			showEnvVarsInLog = 0;
		};
		EB9DED80621DF1A2A04E088A /* [CP] Embed Pods Frameworks */ = {
			isa = PBXShellScriptBuildPhase;
			buildActionMask = 2147483647;
			files = (
			);
			inputPaths = (
			);
			name = "[CP] Embed Pods Frameworks";
			outputPaths = (
			);
			runOnlyForDeploymentPostprocessing = 0;
			shellPath = /bin/sh;
			shellScript = "\"${SRCROOT}/Pods/Target Support Files/Pods-FirebaseWithHate/Pods-FirebaseWithHate-frameworks.sh\"\n";
			showEnvVarsInLog = 0;
		};
/* End PBXShellScriptBuildPhase section */

/* Begin PBXSourcesBuildPhase section */
		9CA653EA1E8C28BD00CA982D /* Sources */ = {
			isa = PBXSourcesBuildPhase;
			buildActionMask = 2147483647;
			files = (
				9C83B8501E8D6EBD0072AC65 /* LoginViewController.swift in Sources */,
				9C9E24451E8D55B60013ECEB /* SecondViewController.swift in Sources */,
				9CA653F41E8C28BD00CA982D /* ViewController.swift in Sources */,
				9CA653F21E8C28BD00CA982D /* AppDelegate.swift in Sources */,
			);
			runOnlyForDeploymentPostprocessing = 0;
		};
/* End PBXSourcesBuildPhase section */

/* Begin PBXVariantGroup section */
		9CA653F51E8C28BD00CA982D /* Main.storyboard */ = {
			isa = PBXVariantGroup;
			children = (
				9CA653F61E8C28BD00CA982D /* Base */,
			);
			name = Main.storyboard;
			sourceTree = "<group>";
		};
/* End PBXVariantGroup section */

/* Begin XCBuildConfiguration section */
		9CA653FE1E8C28BD00CA982D /* Debug */ = {
			isa = XCBuildConfiguration;
			buildSettings = {
				ALWAYS_SEARCH_USER_PATHS = NO;
				CLANG_ANALYZER_NONNULL = YES;
				CLANG_CXX_LANGUAGE_STANDARD = "gnu++0x";
				CLANG_CXX_LIBRARY = "libc++";
				CLANG_ENABLE_MODULES = YES;
				CLANG_ENABLE_OBJC_ARC = YES;
				CLANG_WARN_BOOL_CONVERSION = YES;
				CLANG_WARN_CONSTANT_CONVERSION = YES;
				CLANG_WARN_DIRECT_OBJC_ISA_USAGE = YES_ERROR;
				CLANG_WARN_DOCUMENTATION_COMMENTS = YES;
				CLANG_WARN_EMPTY_BODY = YES;
				CLANG_WARN_ENUM_CONVERSION = YES;
				CLANG_WARN_INFINITE_RECURSION = YES;
				CLANG_WARN_INT_CONVERSION = YES;
				CLANG_WARN_OBJC_ROOT_CLASS = YES_ERROR;
				CLANG_WARN_SUSPICIOUS_MOVE = YES;
				CLANG_WARN_UNREACHABLE_CODE = YES;
				CLANG_WARN__DUPLICATE_METHOD_MATCH = YES;
				"CODE_SIGN_IDENTITY[sdk=iphoneos*]" = "iPhone Developer";
				COPY_PHASE_STRIP = NO;
				DEBUG_INFORMATION_FORMAT = dwarf;
				ENABLE_STRICT_OBJC_MSGSEND = YES;
				ENABLE_TESTABILITY = YES;
				GCC_C_LANGUAGE_STANDARD = gnu99;
				GCC_DYNAMIC_NO_PIC = NO;
				GCC_NO_COMMON_BLOCKS = YES;
				GCC_OPTIMIZATION_LEVEL = 0;
				GCC_PREPROCESSOR_DEFINITIONS = (
					"DEBUG=1",
					"$(inherited)",
				);
				GCC_WARN_64_TO_32_BIT_CONVERSION = YES;
				GCC_WARN_ABOUT_RETURN_TYPE = YES_ERROR;
				GCC_WARN_UNDECLARED_SELECTOR = YES;
				GCC_WARN_UNINITIALIZED_AUTOS = YES_AGGRESSIVE;
				GCC_WARN_UNUSED_FUNCTION = YES;
				GCC_WARN_UNUSED_VARIABLE = YES;
				IPHONEOS_DEPLOYMENT_TARGET = 10.2;
				MTL_ENABLE_DEBUG_INFO = YES;
				ONLY_ACTIVE_ARCH = YES;
				SDKROOT = iphoneos;
				SWIFT_ACTIVE_COMPILATION_CONDITIONS = DEBUG;
				SWIFT_OPTIMIZATION_LEVEL = "-Onone";
				TARGETED_DEVICE_FAMILY = "1,2";
			};
			name = Debug;
		};
		9CA653FF1E8C28BD00CA982D /* Release */ = {
			isa = XCBuildConfiguration;
			buildSettings = {
				ALWAYS_SEARCH_USER_PATHS = NO;
				CLANG_ANALYZER_NONNULL = YES;
				CLANG_CXX_LANGUAGE_STANDARD = "gnu++0x";
				CLANG_CXX_LIBRARY = "libc++";
				CLANG_ENABLE_MODULES = YES;
				CLANG_ENABLE_OBJC_ARC = YES;
				CLANG_WARN_BOOL_CONVERSION = YES;
				CLANG_WARN_CONSTANT_CONVERSION = YES;
				CLANG_WARN_DIRECT_OBJC_ISA_USAGE = YES_ERROR;
				CLANG_WARN_DOCUMENTATION_COMMENTS = YES;
				CLANG_WARN_EMPTY_BODY = YES;
				CLANG_WARN_ENUM_CONVERSION = YES;
				CLANG_WARN_INFINITE_RECURSION = YES;
				CLANG_WARN_INT_CONVERSION = YES;
				CLANG_WARN_OBJC_ROOT_CLASS = YES_ERROR;
				CLANG_WARN_SUSPICIOUS_MOVE = YES;
				CLANG_WARN_UNREACHABLE_CODE = YES;
				CLANG_WARN__DUPLICATE_METHOD_MATCH = YES;
				"CODE_SIGN_IDENTITY[sdk=iphoneos*]" = "iPhone Developer";
				COPY_PHASE_STRIP = NO;
				DEBUG_INFORMATION_FORMAT = "dwarf-with-dsym";
				ENABLE_NS_ASSERTIONS = NO;
				ENABLE_STRICT_OBJC_MSGSEND = YES;
				GCC_C_LANGUAGE_STANDARD = gnu99;
				GCC_NO_COMMON_BLOCKS = YES;
				GCC_WARN_64_TO_32_BIT_CONVERSION = YES;
				GCC_WARN_ABOUT_RETURN_TYPE = YES_ERROR;
				GCC_WARN_UNDECLARED_SELECTOR = YES;
				GCC_WARN_UNINITIALIZED_AUTOS = YES_AGGRESSIVE;
				GCC_WARN_UNUSED_FUNCTION = YES;
				GCC_WARN_UNUSED_VARIABLE = YES;
				IPHONEOS_DEPLOYMENT_TARGET = 10.2;
				MTL_ENABLE_DEBUG_INFO = NO;
				SDKROOT = iphoneos;
				SWIFT_OPTIMIZATION_LEVEL = "-Owholemodule";
				TARGETED_DEVICE_FAMILY = "1,2";
				VALIDATE_PRODUCT = YES;
			};
			name = Release;
		};
		9CA654011E8C28BD00CA982D /* Debug */ = {
			isa = XCBuildConfiguration;
			baseConfigurationReference = 98B955F5CF7B44884158D0C7 /* Pods-FirebaseWithHate.debug.xcconfig */;
			buildSettings = {
				ASSETCATALOG_COMPILER_APPICON_NAME = AppIcon;
				DEVELOPMENT_TEAM = 3XPZ2XV3WU;
				INFOPLIST_FILE = FirebaseWithHate/Info.plist;
				LD_RUNPATH_SEARCH_PATHS = "$(inherited) @executable_path/Frameworks";
				PRODUCT_BUNDLE_IDENTIFIER = com.eugeniobarquin.FirebaseWithHate;
				PRODUCT_NAME = "$(TARGET_NAME)";
				SWIFT_VERSION = 3.0;
			};
			name = Debug;
		};
		9CA654021E8C28BD00CA982D /* Release */ = {
			isa = XCBuildConfiguration;
			baseConfigurationReference = 8144F91326B4620F946FB20C /* Pods-FirebaseWithHate.release.xcconfig */;
			buildSettings = {
				ASSETCATALOG_COMPILER_APPICON_NAME = AppIcon;
				DEVELOPMENT_TEAM = 3XPZ2XV3WU;
				INFOPLIST_FILE = FirebaseWithHate/Info.plist;
				LD_RUNPATH_SEARCH_PATHS = "$(inherited) @executable_path/Frameworks";
				PRODUCT_BUNDLE_IDENTIFIER = com.eugeniobarquin.FirebaseWithHate;
				PRODUCT_NAME = "$(TARGET_NAME)";
				SWIFT_VERSION = 3.0;
			};
			name = Release;
		};
/* End XCBuildConfiguration section */

/* Begin XCConfigurationList section */
		9CA653E91E8C28BD00CA982D /* Build configuration list for PBXProject "FirebaseWithHate" */ = {
			isa = XCConfigurationList;
			buildConfigurations = (
				9CA653FE1E8C28BD00CA982D /* Debug */,
				9CA653FF1E8C28BD00CA982D /* Release */,
			);
			defaultConfigurationIsVisible = 0;
			defaultConfigurationName = Release;
		};
		9CA654001E8C28BD00CA982D /* Build configuration list for PBXNativeTarget "FirebaseWithHate" */ = {
			isa = XCConfigurationList;
			buildConfigurations = (
				9CA654011E8C28BD00CA982D /* Debug */,
				9CA654021E8C28BD00CA982D /* Release */,
			);
			defaultConfigurationIsVisible = 0;
			defaultConfigurationName = Release;
		};
/* End XCConfigurationList section */
	};
	rootObject = 9CA653E61E8C28BD00CA982D /* Project object */;
}
